
Microsoft Visual Studio Solution File, Format Version 12.00
# Visual Studio 15
VisualStudioVersion = 15.0.28010.2036
MinimumVisualStudioVersion = 10.0.40219.1
Project("{8BC9CEB8-8B4A-11D0-8D11-00A0C91BC942}") = "Breakout", "Breakout.vcxproj", "{82857D77-4D69-4404-8B0A-3355949CA1FA}"
EndProject
Project("{8BC9CEB8-8B4A-11D0-8D11-00A0C91BC942}") = "LibSGS", "..\..\FUSHIMI\External\LibSGS2\Library\build_windows\project\LibSGS.vcxproj", "{831942D3-29AE-465A-BCB5-9A14AA91F6DB}"
EndProject
Global
	GlobalSection(SolutionConfigurationPlatforms) = preSolution
		Debug_Optimize|x64 = Debug_Optimize|x64
		Debug_Optimize|x86 = Debug_Optimize|x86
		Debug|x64 = Debug|x64
		Debug|x86 = Debug|x86
		Release_LTCG|x64 = Release_LTCG|x64
		Release_LTCG|x86 = Release_LTCG|x86
		Release|x64 = Release|x64
		Release|x86 = Release|x86
	EndGlobalSection
	GlobalSection(ProjectConfigurationPlatforms) = postSolution
		{82857D77-4D69-4404-8B0A-3355949CA1FA}.Debug_Optimize|x64.ActiveCfg = Debug|x64
		{82857D77-4D69-4404-8B0A-3355949CA1FA}.Debug_Optimize|x64.Build.0 = Debug|x64
		{82857D77-4D69-4404-8B0A-3355949CA1FA}.Debug_Optimize|x86.ActiveCfg = Debug|Win32
		{82857D77-4D69-4404-8B0A-3355949CA1FA}.Debug_Optimize|x86.Build.0 = Debug|Win32
		{82857D77-4D69-4404-8B0A-3355949CA1FA}.Debug|x64.ActiveCfg = Debug|x64
		{82857D77-4D69-4404-8B0A-3355949CA1FA}.Debug|x64.Build.0 = Debug|x64
		{82857D77-4D69-4404-8B0A-3355949CA1FA}.Debug|x86.ActiveCfg = Debug|Win32
		{82857D77-4D69-4404-8B0A-3355949CA1FA}.Debug|x86.Build.0 = Debug|Win32
		{82857D77-4D69-4404-8B0A-3355949CA1FA}.Release_LTCG|x64.ActiveCfg = Release|x64
		{82857D77-4D69-4404-8B0A-3355949CA1FA}.Release_LTCG|x64.Build.0 = Release|x64
		{82857D77-4D69-4404-8B0A-3355949CA1FA}.Release_LTCG|x86.ActiveCfg = Release|Win32
		{82857D77-4D69-4404-8B0A-3355949CA1FA}.Release_LTCG|x86.Build.0 = Release|Win32
		{82857D77-4D69-4404-8B0A-3355949CA1FA}.Release|x64.ActiveCfg = Release|x64
		{82857D77-4D69-4404-8B0A-3355949CA1FA}.Release|x64.Build.0 = Release|x64
		{82857D77-4D69-4404-8B0A-3355949CA1FA}.Release|x86.ActiveCfg = Release|Win32
		{82857D77-4D69-4404-8B0A-3355949CA1FA}.Release|x86.Build.0 = Release|Win32
		{831942D3-29AE-465A-BCB5-9A14AA91F6DB}.Debug_Optimize|x64.ActiveCfg = Debug_Optimize|x64
		{831942D3-29AE-465A-BCB5-9A14AA91F6DB}.Debug_Optimize|x64.Build.0 = Debug_Optimize|x64
		{831942D3-29AE-465A-BCB5-9A14AA91F6DB}.Debug_Optimize|x86.ActiveCfg = Debug_Optimize|x64
		{831942D3-29AE-465A-BCB5-9A14AA91F6DB}.Debug|x64.ActiveCfg = Debug|x64
		{831942D3-29AE-465A-BCB5-9A14AA91F6DB}.Debug|x64.Build.0 = Debug|x64
		{831942D3-29AE-465A-BCB5-9A14AA91F6DB}.Debug|x86.ActiveCfg = Debug|x64
		{831942D3-29AE-465A-BCB5-9A14AA91F6DB}.Release_LTCG|x64.ActiveCfg = Release_LTCG|x64
		{831942D3-29AE-465A-BCB5-9A14AA91F6DB}.Release_LTCG|x64.Build.0 = Release_LTCG|x64
		{831942D3-29AE-465A-BCB5-9A14AA91F6DB}.Release_LTCG|x86.ActiveCfg = Release_LTCG|x64
		{831942D3-29AE-465A-BCB5-9A14AA91F6DB}.Release|x64.ActiveCfg = Release|x64
		{831942D3-29AE-465A-BCB5-9A14AA91F6DB}.Release|x64.Build.0 = Release|x64
		{831942D3-29AE-465A-BCB5-9A14AA91F6DB}.Release|x86.ActiveCfg = Release|x64
	EndGlobalSection
	GlobalSection(SolutionProperties) = preSolution
		HideSolutionNode = FALSE
	EndGlobalSection
	GlobalSection(ExtensibilityGlobals) = postSolution
		SolutionGuid = {BD102173-8353-4F29-946F-BF41BC529B30}
	EndGlobalSection
EndGlobal
